%{"erlang-oauth": {:git, "git://github.com/tim/erlang-oauth.git", "3ad509d487a72f9437fef31a379bf3cfeeb166a2", []},
  "httpotion": {:git, "git://github.com/myfreeweb/httpotion.git", "f41ad7b86cf0de5ce2830323290b30f55df17f17", []},
  "ibrowse": {:git, "git://github.com/cmullaparthi/ibrowse.git", "d824491d37449763ac44398f8494731e0c1418c1", []},
  "jsx": {:git, "https://github.com/talentdeficit/jsx.git", "aaf915e173d0ea7e1201c0edd4930dc6c3cd179d", []},
  "oauth": {:git, "https://github.com/tim/erlang-oauth.git", "fca8163e8f7af867015e2413c4b03a4f8f4df0c9", []}}
